
Microsoft Visual Studio Solution File, Format Version 12.00
# Visual Studio Version 17
VisualStudioVersion = 17.0.31903.59
MinimumVisualStudioVersion = 10.0.40219.1
Project("{8BC9CEB8-8B4A-11D0-8D11-00A0C91BC942}") = "Falcon3D", "Falcon3D.vcxproj", "{147BA10C-081C-42D8-B853-3FFFCD646FF4}"
EndProject
Global
	GlobalSection(SolutionConfigurationPlatforms) = preSolution
		Debug|x64 = Debug|x64
		Debug|x86 = Debug|x86
		Release|x64 = Release|x64
		Release|x86 = Release|x86
	EndGlobalSection
	GlobalSection(ProjectConfigurationPlatforms) = postSolution
		{147BA10C-081C-42D8-B853-3FFFCD646FF4}.Debug|x64.ActiveCfg = Debug|x64
		{147BA10C-081C-42D8-B853-3FFFCD646FF4}.Debug|x64.Build.0 = Debug|x64
		{147BA10C-081C-42D8-B853-3FFFCD646FF4}.Debug|x86.ActiveCfg = Debug|Win32
		{147BA10C-081C-42D8-B853-3FFFCD646FF4}.Debug|x86.Build.0 = Debug|Win32
		{147BA10C-081C-42D8-B853-3FFFCD646FF4}.Release|x64.ActiveCfg = Release|x64
		{147BA10C-081C-42D8-B853-3FFFCD646FF4}.Release|x64.Build.0 = Release|x64
		{147BA10C-081C-42D8-B853-3FFFCD646FF4}.Release|x86.ActiveCfg = Release|Win32
		{147BA10C-081C-42D8-B853-3FFFCD646FF4}.Release|x86.Build.0 = Release|Win32
	EndGlobalSection
	GlobalSection(SolutionProperties) = preSolution
		HideSolutionNode = FALSE
	EndGlobalSection
	GlobalSection(ExtensibilityGlobals) = postSolution
		SolutionGuid = {BE9BFAB5-253B-4537-9850-77F431CAE88D}
	EndGlobalSection
EndGlobal
